PODS:
  - Flutter (1.0.0)
  - flutter_pay (0.0.1):
    - Flutter

DEPENDENCIES:
  - Flutter (from `Flutter`)
  - flutter_pay (from `.symlinks/plugins/flutter_pay/ios`)

EXTERNAL SOURCES:
  Flutter:
    :path: Flutter
  flutter_pay:
    :path: ".symlinks/plugins/flutter_pay/ios"

SPEC CHECKSUMS:
  Flutter: f04841e97a9d0b0a8025694d0796dd46242b2854
  flutter_pay: e0b731cbd442037fc62a4b02bab05076f7312da6

PODFILE CHECKSUM: fe0e1ee7f3d1f7d00b11b474b62dd62134535aea

COCOAPODS: 1.11.3
