PODS:
  - Flutter (1.0.0)
  - flutter_pay (0.0.1):
    - Flutter

DEPENDENCIES:
  - Flutter (from `Flutter`)
  - flutter_pay (from `.symlinks/plugins/flutter_pay/ios`)

EXTERNAL SOURCES:
  Flutter:
    :path: Flutter
  flutter_pay:
    :path: ".symlinks/plugins/flutter_pay/ios"

SPEC CHECKSUMS:
  Flutter: 50d75fe2f02b26cc09d224853bb45737f8b3214a
  flutter_pay: 31360e886ba24bbc73b8a87084b30752d9f3082f

PODFILE CHECKSUM: fe0e1ee7f3d1f7d00b11b474b62dd62134535aea

COCOAPODS: 1.10.0
